
Microsoft Visual Studio Solution File, Format Version 12.00
# Visual Studio Version 16
VisualStudioVersion = 16.0.31313.79
MinimumVisualStudioVersion = 10.0.40219.1
Project("{9A19103F-16F7-4668-BE54-9A1E7A4F7556}") = "MintPlayer.AspNetCore.XsrfForSpas.Demo", "MintPlayer.AspNetCore.XsrfForSpas.Demo\MintPlayer.AspNetCore.XsrfForSpas.Demo.csproj", "{E7845790-3455-42D7-A958-EE52D7C5F43D}"
EndProject
Project("{FAE04EC0-301F-11D3-BF4B-00C04F79EFBC}") = "MintPlayer.AspNetCore.XsrfForSpas", "MintPlayer.AspNetCore.XsrfForSpas\MintPlayer.AspNetCore.XsrfForSpas.csproj", "{6335522D-5ED6-423D-A83D-6AD201CB9E69}"
EndProject
Global
	GlobalSection(SolutionConfigurationPlatforms) = preSolution
		Debug|Any CPU = Debug|Any CPU
		Release|Any CPU = Release|Any CPU
	EndGlobalSection
	GlobalSection(ProjectConfigurationPlatforms) = postSolution
		{E7845790-3455-42D7-A958-EE52D7C5F43D}.Debug|Any CPU.ActiveCfg = Debug|Any CPU
		{E7845790-3455-42D7-A958-EE52D7C5F43D}.Debug|Any CPU.Build.0 = Debug|Any CPU
		{E7845790-3455-42D7-A958-EE52D7C5F43D}.Release|Any CPU.ActiveCfg = Release|Any CPU
		{E7845790-3455-42D7-A958-EE52D7C5F43D}.Release|Any CPU.Build.0 = Release|Any CPU
		{6335522D-5ED6-423D-A83D-6AD201CB9E69}.Debug|Any CPU.ActiveCfg = Debug|Any CPU
		{6335522D-5ED6-423D-A83D-6AD201CB9E69}.Debug|Any CPU.Build.0 = Debug|Any CPU
		{6335522D-5ED6-423D-A83D-6AD201CB9E69}.Release|Any CPU.ActiveCfg = Release|Any CPU
		{6335522D-5ED6-423D-A83D-6AD201CB9E69}.Release|Any CPU.Build.0 = Release|Any CPU
	EndGlobalSection
	GlobalSection(SolutionProperties) = preSolution
		HideSolutionNode = FALSE
	EndGlobalSection
	GlobalSection(ExtensibilityGlobals) = postSolution
		SolutionGuid = {F1D4AF4F-28EF-43FB-BD85-706D50AA45D4}
	EndGlobalSection
EndGlobal
